
Microsoft Visual Studio Solution File, Format Version 12.00
# Visual Studio Version 17
VisualStudioVersion = 17.8.34511.84
MinimumVisualStudioVersion = 10.0.40219.1
Project("{FAE04EC0-301F-11D3-BF4B-00C04F79EFBC}") = "Exception", "Exception\Exception.csproj", "{36BAA1CD-A84B-4E15-A2D2-8666C2C763C9}"
EndProject
Global
	GlobalSection(SolutionConfigurationPlatforms) = preSolution
		Debug|Any CPU = Debug|Any CPU
		Release|Any CPU = Release|Any CPU
	EndGlobalSection
	GlobalSection(ProjectConfigurationPlatforms) = postSolution
		{36BAA1CD-A84B-4E15-A2D2-8666C2C763C9}.Debug|Any CPU.ActiveCfg = Debug|Any CPU
		{36BAA1CD-A84B-4E15-A2D2-8666C2C763C9}.Debug|Any CPU.Build.0 = Debug|Any CPU
		{36BAA1CD-A84B-4E15-A2D2-8666C2C763C9}.Release|Any CPU.ActiveCfg = Release|Any CPU
		{36BAA1CD-A84B-4E15-A2D2-8666C2C763C9}.Release|Any CPU.Build.0 = Release|Any CPU
	EndGlobalSection
	GlobalSection(SolutionProperties) = preSolution
		HideSolutionNode = FALSE
	EndGlobalSection
	GlobalSection(ExtensibilityGlobals) = postSolution
		SolutionGuid = {3A486D58-F22F-41D9-BF4B-CFB4B9A3C4E5}
	EndGlobalSection
EndGlobal
